// !$*UTF8*$!
{
	archiveVersion = 1;
	classes = {
	};
	objectVersion = 46;
	objects = {

/* Begin PBXBuildFile section */
		0A7F673E9AA0C981648128DB /* Pods_iOSAuthTests.framework in Frameworks */ = {isa = PBXBuildFile; fileRef = 3DCD15C40306C94E3B0F804D /* Pods_iOSAuthTests.framework */; };
		A430A9E11E9D278F0067F15D /* WifiViewController.swift in Sources */ = {isa = PBXBuildFile; fileRef = A430A9E01E9D278F0067F15D /* WifiViewController.swift */; };
		A43336701E695BFF00296C3B /* AppDelegate.swift in Sources */ = {isa = PBXBuildFile; fileRef = A433366F1E695BFF00296C3B /* AppDelegate.swift */; };
		A43336751E695BFF00296C3B /* Main.storyboard in Resources */ = {isa = PBXBuildFile; fileRef = A43336731E695BFF00296C3B /* Main.storyboard */; };
		A43336771E695BFF00296C3B /* Assets.xcassets in Resources */ = {isa = PBXBuildFile; fileRef = A43336761E695BFF00296C3B /* Assets.xcassets */; };
		A433367A1E695BFF00296C3B /* LaunchScreen.storyboard in Resources */ = {isa = PBXBuildFile; fileRef = A43336781E695BFF00296C3B /* LaunchScreen.storyboard */; };
		A43336851E695BFF00296C3B /* iOSAuthTests.swift in Sources */ = {isa = PBXBuildFile; fileRef = A43336841E695BFF00296C3B /* iOSAuthTests.swift */; };
		A439BA881E6ED1A500769EA8 /* AuthenticationPushViewController.swift in Sources */ = {isa = PBXBuildFile; fileRef = A439BA871E6ED1A500769EA8 /* AuthenticationPushViewController.swift */; };
		A445F1161E8FB48300C0F2CF /* DeviceConnectionTableViewCell.swift in Sources */ = {isa = PBXBuildFile; fileRef = A445F1151E8FB48300C0F2CF /* DeviceConnectionTableViewCell.swift */; };
		A44AA4201E6D144A00C6247E /* QRScannerViewController.swift in Sources */ = {isa = PBXBuildFile; fileRef = A44AA41F1E6D144A00C6247E /* QRScannerViewController.swift */; };
		A44B097F1E76596900A9F51C /* ActiveConnectionTableViewCell.swift in Sources */ = {isa = PBXBuildFile; fileRef = A44B097E1E76596900A9F51C /* ActiveConnectionTableViewCell.swift */; };
		A4515B531E71014E00BB65A9 /* WebSocketConnection.swift in Sources */ = {isa = PBXBuildFile; fileRef = A4515B521E71014E00BB65A9 /* WebSocketConnection.swift */; };
		A4758BD12016341800A976AF /* accountDetailController.m in Sources */ = {isa = PBXBuildFile; fileRef = A4758BD02016341800A976AF /* accountDetailController.m */; };
		A4758BD62016355E00A976AF /* normalController.m in Sources */ = {isa = PBXBuildFile; fileRef = A4758BD52016355E00A976AF /* normalController.m */; };
		A4758BD92016357000A976AF /* abnormalController.m in Sources */ = {isa = PBXBuildFile; fileRef = A4758BD82016357000A976AF /* abnormalController.m */; };
		A4771C732011F4DA00A42514 /* leftSlideController.swift in Sources */ = {isa = PBXBuildFile; fileRef = A4771C722011F4DA00A42514 /* leftSlideController.swift */; };
		A4771C752011FA9200A42514 /* leftSortsController.swift in Sources */ = {isa = PBXBuildFile; fileRef = A4771C742011FA9200A42514 /* leftSortsController.swift */; };
		A4771C7720134B7100A42514 /* MainController.swift in Sources */ = {isa = PBXBuildFile; fileRef = A4771C7620134B7100A42514 /* MainController.swift */; };
		A4771C7A20134C8500A42514 /* deviceConnectionCell.swift in Sources */ = {isa = PBXBuildFile; fileRef = A4771C7820134C8500A42514 /* deviceConnectionCell.swift */; };
		A4771C7B20134C8500A42514 /* deviceConnectionCell.xib in Resources */ = {isa = PBXBuildFile; fileRef = A4771C7920134C8500A42514 /* deviceConnectionCell.xib */; };
		A4771C812013953000A42514 /* LeftSlideViewController.m in Sources */ = {isa = PBXBuildFile; fileRef = A4771C7E2013953000A42514 /* LeftSlideViewController.m */; };
		A4771C822013953000A42514 /* UIView_extra.m in Sources */ = {isa = PBXBuildFile; fileRef = A4771C802013953000A42514 /* UIView_extra.m */; };
		A4771C8420139E9000A42514 /* leftSlideDetailController.swift in Sources */ = {isa = PBXBuildFile; fileRef = A4771C8320139E9000A42514 /* leftSlideDetailController.swift */; };
		A4B2C971200A716C00D8352A /* UIColor+HEX.m in Sources */ = {isa = PBXBuildFile; fileRef = A4B2C96B200A716C00D8352A /* UIColor+HEX.m */; };
		A4B2C972200A716C00D8352A /* QRView.m in Sources */ = {isa = PBXBuildFile; fileRef = A4B2C96C200A716C00D8352A /* QRView.m */; };
		A4B2C973200A716C00D8352A /* ScanQRCodeViewController.m in Sources */ = {isa = PBXBuildFile; fileRef = A4B2C970200A716C00D8352A /* ScanQRCodeViewController.m */; };
		A4C082FA200C55B500EF0B08 /* alterView.m in Sources */ = {isa = PBXBuildFile; fileRef = A4C082F8200C55B500EF0B08 /* alterView.m */; };
		A4C082FD200C8C8B00EF0B08 /* DMCAlertCenter.m in Sources */ = {isa = PBXBuildFile; fileRef = A4C082FB200C8C8B00EF0B08 /* DMCAlertCenter.m */; };
		A4C082FF200C903E00EF0B08 /* cellDetailController.swift in Sources */ = {isa = PBXBuildFile; fileRef = A4C082FE200C903E00EF0B08 /* cellDetailController.swift */; };
		A4D3751B2014E5EF00EE71FE /* blockChainController.swift in Sources */ = {isa = PBXBuildFile; fileRef = A4D3751A2014E5EF00EE71FE /* blockChainController.swift */; };
		A4D3751E2014E76300EE71FE /* blockChainCell.swift in Sources */ = {isa = PBXBuildFile; fileRef = A4D3751C2014E76300EE71FE /* blockChainCell.swift */; };
		A4D3751F2014E76300EE71FE /* blockChainCell.xib in Resources */ = {isa = PBXBuildFile; fileRef = A4D3751D2014E76300EE71FE /* blockChainCell.xib */; };
		A4D375212015977900EE71FE /* bluetoothCell.swift in Sources */ = {isa = PBXBuildFile; fileRef = A4D375202015977900EE71FE /* bluetoothCell.swift */; };
		A4D375232015D41800EE71FE /* blueToothController.swift in Sources */ = {isa = PBXBuildFile; fileRef = A4D375222015D41800EE71FE /* blueToothController.swift */; };
		A4D375242016D7DB00EE71FE /* YSLContainerViewController.m in Sources */ = {isa = PBXBuildFile; fileRef = A4758BCE201633AE00A976AF /* YSLContainerViewController.m */; };
		A4D375252016D80200EE71FE /* YSLScrollMenuView.m in Sources */ = {isa = PBXBuildFile; fileRef = A4758BCA201633AD00A976AF /* YSLScrollMenuView.m */; };
		A4D375292016E39F00EE71FE /* normalAccountCell.m in Sources */ = {isa = PBXBuildFile; fileRef = A4D375282016E39F00EE71FE /* normalAccountCell.m */; };
		A4D3757320187AB700EE71FE /* linechart.swift in Sources */ = {isa = PBXBuildFile; fileRef = A4D3757220187AB700EE71FE /* linechart.swift */; };
		A4D375752018839900EE71FE /* lineChartViewCell.swift in Sources */ = {isa = PBXBuildFile; fileRef = A4D375742018839900EE71FE /* lineChartViewCell.swift */; };
		A4D3757720197D9400EE71FE /* chuBlcokCell.swift in Sources */ = {isa = PBXBuildFile; fileRef = A4D3757620197D9400EE71FE /* chuBlcokCell.swift */; };
		A4D3757920197E9200EE71FE /* chuBlockCell1.swift in Sources */ = {isa = PBXBuildFile; fileRef = A4D3757820197E9200EE71FE /* chuBlockCell1.swift */; };
		A4D3757B2019B39500EE71FE /* abnormalCell.swift in Sources */ = {isa = PBXBuildFile; fileRef = A4D3757A2019B39500EE71FE /* abnormalCell.swift */; };
		A4E855161E6D76C100F09370 /* MainTableViewController.swift in Sources */ = {isa = PBXBuildFile; fileRef = A4E855151E6D76C100F09370 /* MainTableViewController.swift */; };
		D7F33533280ECD7CAAB53DD0 /* Pods_iOSAuth.framework in Frameworks */ = {isa = PBXBuildFile; fileRef = C34197F278C2F3762680F4A2 /* Pods_iOSAuth.framework */; settings = {ATTRIBUTES = (Required, ); }; };
		FCF1C14D1FC676880019F764 /* ConstraintInsetTarget.swift in Sources */ = {isa = PBXBuildFile; fileRef = FCF1C12D1FC676840019F764 /* ConstraintInsetTarget.swift */; };
		FCF1C14E1FC676880019F764 /* ConstraintOffsetTarget.swift in Sources */ = {isa = PBXBuildFile; fileRef = FCF1C12E1FC676840019F764 /* ConstraintOffsetTarget.swift */; };
		FCF1C14F1FC676880019F764 /* ConstraintMaker.swift in Sources */ = {isa = PBXBuildFile; fileRef = FCF1C12F1FC676850019F764 /* ConstraintMaker.swift */; };
		FCF1C1501FC676880019F764 /* ConstraintLayoutGuideDSL.swift in Sources */ = {isa = PBXBuildFile; fileRef = FCF1C1301FC676850019F764 /* ConstraintLayoutGuideDSL.swift */; };
		FCF1C1511FC676880019F764 /* LayoutConstraintItem.swift in Sources */ = {isa = PBXBuildFile; fileRef = FCF1C1311FC676850019F764 /* LayoutConstraintItem.swift */; };
		FCF1C1521FC676880019F764 /* ConstraintView.swift in Sources */ = {isa = PBXBuildFile; fileRef = FCF1C1321FC676850019F764 /* ConstraintView.swift */; };
		FCF1C1531FC676880019F764 /* ConstraintMultiplierTarget.swift in Sources */ = {isa = PBXBuildFile; fileRef = FCF1C1331FC676850019F764 /* ConstraintMultiplierTarget.swift */; };
		FCF1C1541FC676880019F764 /* ConstraintItem.swift in Sources */ = {isa = PBXBuildFile; fileRef = FCF1C1341FC676850019F764 /* ConstraintItem.swift */; };
		FCF1C1551FC676880019F764 /* ConstraintConfig.swift in Sources */ = {isa = PBXBuildFile; fileRef = FCF1C1351FC676850019F764 /* ConstraintConfig.swift */; };
		FCF1C1561FC676880019F764 /* ConstraintDescription.swift in Sources */ = {isa = PBXBuildFile; fileRef = FCF1C1361FC676850019F764 /* ConstraintDescription.swift */; };
		FCF1C1571FC676880019F764 /* ConstraintMakerEditable.swift in Sources */ = {isa = PBXBuildFile; fileRef = FCF1C1371FC676850019F764 /* ConstraintMakerEditable.swift */; };
		FCF1C1581FC676880019F764 /* ConstraintMakerFinalizable.swift in Sources */ = {isa = PBXBuildFile; fileRef = FCF1C1381FC676850019F764 /* ConstraintMakerFinalizable.swift */; };
		FCF1C1591FC676880019F764 /* Debugging.swift in Sources */ = {isa = PBXBuildFile; fileRef = FCF1C1391FC676850019F764 /* Debugging.swift */; };
		FCF1C15A1FC676880019F764 /* ConstraintViewDSL.swift in Sources */ = {isa = PBXBuildFile; fileRef = FCF1C13A1FC676860019F764 /* ConstraintViewDSL.swift */; };
		FCF1C15B1FC676880019F764 /* ConstraintRelatableTarget.swift in Sources */ = {isa = PBXBuildFile; fileRef = FCF1C13B1FC676860019F764 /* ConstraintRelatableTarget.swift */; };
		FCF1C15C1FC676880019F764 /* ConstraintView+Extensions.swift in Sources */ = {isa = PBXBuildFile; fileRef = FCF1C13C1FC676860019F764 /* ConstraintView+Extensions.swift */; };
		FCF1C15D1FC676880019F764 /* ConstraintLayoutSupportDSL.swift in Sources */ = {isa = PBXBuildFile; fileRef = FCF1C13D1FC676860019F764 /* ConstraintLayoutSupportDSL.swift */; };
		FCF1C15E1FC676880019F764 /* ConstraintRelation.swift in Sources */ = {isa = PBXBuildFile; fileRef = FCF1C13E1FC676860019F764 /* ConstraintRelation.swift */; };
		FCF1C15F1FC676880019F764 /* ConstraintLayoutSupport.swift in Sources */ = {isa = PBXBuildFile; fileRef = FCF1C13F1FC676860019F764 /* ConstraintLayoutSupport.swift */; };
		FCF1C1601FC676880019F764 /* ConstraintLayoutGuide.swift in Sources */ = {isa = PBXBuildFile; fileRef = FCF1C1401FC676860019F764 /* ConstraintLayoutGuide.swift */; };
		FCF1C1611FC676880019F764 /* ConstraintMakerExtendable.swift in Sources */ = {isa = PBXBuildFile; fileRef = FCF1C1411FC676860019F764 /* ConstraintMakerExtendable.swift */; };
		FCF1C1621FC676880019F764 /* ConstraintInsets.swift in Sources */ = {isa = PBXBuildFile; fileRef = FCF1C1421FC676870019F764 /* ConstraintInsets.swift */; };
		FCF1C1631FC676880019F764 /* LayoutConstraint.swift in Sources */ = {isa = PBXBuildFile; fileRef = FCF1C1431FC676870019F764 /* LayoutConstraint.swift */; };
		FCF1C1641FC676880019F764 /* UILayoutSupport+Extensions.swift in Sources */ = {isa = PBXBuildFile; fileRef = FCF1C1441FC676870019F764 /* UILayoutSupport+Extensions.swift */; };
		FCF1C1651FC676880019F764 /* ConstraintMakerPriortizable.swift in Sources */ = {isa = PBXBuildFile; fileRef = FCF1C1451FC676870019F764 /* ConstraintMakerPriortizable.swift */; };
		FCF1C1661FC676880019F764 /* ConstraintDSL.swift in Sources */ = {isa = PBXBuildFile; fileRef = FCF1C1461FC676870019F764 /* ConstraintDSL.swift */; };
		FCF1C1671FC676880019F764 /* ConstraintMakerRelatable.swift in Sources */ = {isa = PBXBuildFile; fileRef = FCF1C1471FC676870019F764 /* ConstraintMakerRelatable.swift */; };
		FCF1C1681FC676880019F764 /* Constraint.swift in Sources */ = {isa = PBXBuildFile; fileRef = FCF1C1481FC676870019F764 /* Constraint.swift */; };
		FCF1C1691FC676880019F764 /* ConstraintPriorityTarget.swift in Sources */ = {isa = PBXBuildFile; fileRef = FCF1C1491FC676880019F764 /* ConstraintPriorityTarget.swift */; };
		FCF1C16A1FC676880019F764 /* ConstraintConstantTarget.swift in Sources */ = {isa = PBXBuildFile; fileRef = FCF1C14A1FC676880019F764 /* ConstraintConstantTarget.swift */; };
		FCF1C16B1FC676880019F764 /* ConstraintAttributes.swift in Sources */ = {isa = PBXBuildFile; fileRef = FCF1C14B1FC676880019F764 /* ConstraintAttributes.swift */; };
		FCF1C16C1FC676880019F764 /* ConstraintLayoutGuide+Extensions.swift in Sources */ = {isa = PBXBuildFile; fileRef = FCF1C14C1FC676880019F764 /* ConstraintLayoutGuide+Extensions.swift */; };
		FCF1C16F1FC676940019F764 /* WebSocket.swift in Sources */ = {isa = PBXBuildFile; fileRef = FCF1C16D1FC676940019F764 /* WebSocket.swift */; };
		FCF1C1701FC676940019F764 /* SSLSecurity.swift in Sources */ = {isa = PBXBuildFile; fileRef = FCF1C16E1FC676940019F764 /* SSLSecurity.swift */; };
/* End PBXBuildFile section */

/* Begin PBXContainerItemProxy section */
		A43336811E695BFF00296C3B /* PBXContainerItemProxy */ = {
			isa = PBXContainerItemProxy;
			containerPortal = A43336641E695BFF00296C3B /* Project object */;
			proxyType = 1;
			remoteGlobalIDString = A433366B1E695BFF00296C3B;
			remoteInfo = iOSAuth;
		};
/* End PBXContainerItemProxy section */

/* Begin PBXFileReference section */
		3DCD15C40306C94E3B0F804D /* Pods_iOSAuthTests.framework */ = {isa = PBXFileReference; explicitFileType = wrapper.framework; includeInIndex = 0; path = Pods_iOSAuthTests.framework; sourceTree = BUILT_PRODUCTS_DIR; };
		73FD35D7C510F936CE42E233 /* Pods-iOSAuthTests.release.xcconfig */ = {isa = PBXFileReference; includeInIndex = 1; lastKnownFileType = text.xcconfig; name = "Pods-iOSAuthTests.release.xcconfig"; path = "Pods/Target Support Files/Pods-iOSAuthTests/Pods-iOSAuthTests.release.xcconfig"; sourceTree = "<group>"; };
		765BDC31BEDADFC2C642CB2B /* Pods-iOSAuth.debug.xcconfig */ = {isa = PBXFileReference; includeInIndex = 1; lastKnownFileType = text.xcconfig; name = "Pods-iOSAuth.debug.xcconfig"; path = "Pods/Target Support Files/Pods-iOSAuth/Pods-iOSAuth.debug.xcconfig"; sourceTree = "<group>"; };
		8C1278B1452E989329E41A1A /* Pods-iOSAuthTests.debug.xcconfig */ = {isa = PBXFileReference; includeInIndex = 1; lastKnownFileType = text.xcconfig; name = "Pods-iOSAuthTests.debug.xcconfig"; path = "Pods/Target Support Files/Pods-iOSAuthTests/Pods-iOSAuthTests.debug.xcconfig"; sourceTree = "<group>"; };
		911CED342CC584DFE009344B /* Pods-iOSAuth.release.xcconfig */ = {isa = PBXFileReference; includeInIndex = 1; lastKnownFileType = text.xcconfig; name = "Pods-iOSAuth.release.xcconfig"; path = "Pods/Target Support Files/Pods-iOSAuth/Pods-iOSAuth.release.xcconfig"; sourceTree = "<group>"; };
		A430A9E01E9D278F0067F15D /* WifiViewController.swift */ = {isa = PBXFileReference; fileEncoding = 4; lastKnownFileType = sourcecode.swift; path = WifiViewController.swift; sourceTree = "<group>"; };
		A433366C1E695BFF00296C3B /* iOSAuthModule.app */ = {isa = PBXFileReference; explicitFileType = wrapper.application; includeInIndex = 0; path = iOSAuthModule.app; sourceTree = BUILT_PRODUCTS_DIR; };
		A433366F1E695BFF00296C3B /* AppDelegate.swift */ = {isa = PBXFileReference; lastKnownFileType = sourcecode.swift; path = AppDelegate.swift; sourceTree = "<group>"; };
		A43336741E695BFF00296C3B /* Base */ = {isa = PBXFileReference; lastKnownFileType = file.storyboard; name = Base; path = Base.lproj/Main.storyboard; sourceTree = "<group>"; };
		A43336761E695BFF00296C3B /* Assets.xcassets */ = {isa = PBXFileReference; lastKnownFileType = folder.assetcatalog; path = Assets.xcassets; sourceTree = "<group>"; };
		A43336791E695BFF00296C3B /* Base */ = {isa = PBXFileReference; lastKnownFileType = file.storyboard; name = Base; path = Base.lproj/LaunchScreen.storyboard; sourceTree = "<group>"; };
		A433367B1E695BFF00296C3B /* Info.plist */ = {isa = PBXFileReference; lastKnownFileType = text.plist.xml; path = Info.plist; sourceTree = "<group>"; };
		A43336801E695BFF00296C3B /* iOSAuthTests.xctest */ = {isa = PBXFileReference; explicitFileType = wrapper.cfbundle; includeInIndex = 0; path = iOSAuthTests.xctest; sourceTree = BUILT_PRODUCTS_DIR; };
		A43336841E695BFF00296C3B /* iOSAuthTests.swift */ = {isa = PBXFileReference; lastKnownFileType = sourcecode.swift; path = iOSAuthTests.swift; sourceTree = "<group>"; };
		A43336861E695BFF00296C3B /* Info.plist */ = {isa = PBXFileReference; lastKnownFileType = text.plist.xml; path = Info.plist; sourceTree = "<group>"; };
		A439BA871E6ED1A500769EA8 /* AuthenticationPushViewController.swift */ = {isa = PBXFileReference; fileEncoding = 4; lastKnownFileType = sourcecode.swift; path = AuthenticationPushViewController.swift; sourceTree = "<group>"; };
		A44562C81E763BF700ABE337 /* iOSAuth.entitlements */ = {isa = PBXFileReference; lastKnownFileType = text.plist.entitlements; path = iOSAuth.entitlements; sourceTree = "<group>"; };
		A445F1151E8FB48300C0F2CF /* DeviceConnectionTableViewCell.swift */ = {isa = PBXFileReference; fileEncoding = 4; lastKnownFileType = sourcecode.swift; path = DeviceConnectionTableViewCell.swift; sourceTree = "<group>"; };
		A44AA41F1E6D144A00C6247E /* QRScannerViewController.swift */ = {isa = PBXFileReference; fileEncoding = 4; lastKnownFileType = sourcecode.swift; path = QRScannerViewController.swift; sourceTree = "<group>"; };
		A44B097E1E76596900A9F51C /* ActiveConnectionTableViewCell.swift */ = {isa = PBXFileReference; fileEncoding = 4; lastKnownFileType = sourcecode.swift; path = ActiveConnectionTableViewCell.swift; sourceTree = "<group>"; };
		A4515B521E71014E00BB65A9 /* WebSocketConnection.swift */ = {isa = PBXFileReference; fileEncoding = 4; lastKnownFileType = sourcecode.swift; path = WebSocketConnection.swift; sourceTree = "<group>"; };
		A4758BC9201633AD00A976AF /* YSLScrollMenuView.h */ = {isa = PBXFileReference; lastKnownFileType = sourcecode.c.h; path = YSLScrollMenuView.h; sourceTree = "<group>"; };
		A4758BCA201633AD00A976AF /* YSLScrollMenuView.m */ = {isa = PBXFileReference; lastKnownFileType = sourcecode.c.objc; path = YSLScrollMenuView.m; sourceTree = "<group>"; };
		A4758BCD201633AE00A976AF /* YSLContainerViewController.h */ = {isa = PBXFileReference; lastKnownFileType = sourcecode.c.h; path = YSLContainerViewController.h; sourceTree = "<group>"; };
		A4758BCE201633AE00A976AF /* YSLContainerViewController.m */ = {isa = PBXFileReference; lastKnownFileType = sourcecode.c.objc; path = YSLContainerViewController.m; sourceTree = "<group>"; };
		A4758BCF2016341800A976AF /* accountDetailController.h */ = {isa = PBXFileReference; lastKnownFileType = sourcecode.c.h; path = accountDetailController.h; sourceTree = "<group>"; };
		A4758BD02016341800A976AF /* accountDetailController.m */ = {isa = PBXFileReference; lastKnownFileType = sourcecode.c.objc; path = accountDetailController.m; sourceTree = "<group>"; };
		A4758BD42016355E00A976AF /* normalController.h */ = {isa = PBXFileReference; lastKnownFileType = sourcecode.c.h; path = normalController.h; sourceTree = "<group>"; };
		A4758BD52016355E00A976AF /* normalController.m */ = {isa = PBXFileReference; lastKnownFileType = sourcecode.c.objc; path = normalController.m; sourceTree = "<group>"; };
		A4758BD72016357000A976AF /* abnormalController.h */ = {isa = PBXFileReference; lastKnownFileType = sourcecode.c.h; path = abnormalController.h; sourceTree = "<group>"; };
		A4758BD82016357000A976AF /* abnormalController.m */ = {isa = PBXFileReference; lastKnownFileType = sourcecode.c.objc; path = abnormalController.m; sourceTree = "<group>"; };
		A4771C722011F4DA00A42514 /* leftSlideController.swift */ = {isa = PBXFileReference; lastKnownFileType = sourcecode.swift; path = leftSlideController.swift; sourceTree = "<group>"; };
		A4771C742011FA9200A42514 /* leftSortsController.swift */ = {isa = PBXFileReference; lastKnownFileType = sourcecode.swift; path = leftSortsController.swift; sourceTree = "<group>"; };
		A4771C7620134B7100A42514 /* MainController.swift */ = {isa = PBXFileReference; lastKnownFileType = sourcecode.swift; path = MainController.swift; sourceTree = "<group>"; };
		A4771C7820134C8500A42514 /* deviceConnectionCell.swift */ = {isa = PBXFileReference; lastKnownFileType = sourcecode.swift; path = deviceConnectionCell.swift; sourceTree = "<group>"; };
		A4771C7920134C8500A42514 /* deviceConnectionCell.xib */ = {isa = PBXFileReference; lastKnownFileType = file.xib; path = deviceConnectionCell.xib; sourceTree = "<group>"; };
		A4771C7D2013953000A42514 /* LeftSlideViewController.h */ = {isa = PBXFileReference; fileEncoding = 4; lastKnownFileType = sourcecode.c.h; path = LeftSlideViewController.h; sourceTree = "<group>"; };
		A4771C7E2013953000A42514 /* LeftSlideViewController.m */ = {isa = PBXFileReference; fileEncoding = 4; lastKnownFileType = sourcecode.c.objc; path = LeftSlideViewController.m; sourceTree = "<group>"; };
		A4771C7F2013953000A42514 /* UIView_extra.h */ = {isa = PBXFileReference; fileEncoding = 4; lastKnownFileType = sourcecode.c.h; path = UIView_extra.h; sourceTree = "<group>"; };
		A4771C802013953000A42514 /* UIView_extra.m */ = {isa = PBXFileReference; fileEncoding = 4; lastKnownFileType = sourcecode.c.objc; path = UIView_extra.m; sourceTree = "<group>"; };
		A4771C8320139E9000A42514 /* leftSlideDetailController.swift */ = {isa = PBXFileReference; lastKnownFileType = sourcecode.swift; path = leftSlideDetailController.swift; sourceTree = "<group>"; };
		A4B2C964200867C400D8352A /* iOSAuth-Bridging-Header.h */ = {isa = PBXFileReference; lastKnownFileType = sourcecode.c.h; path = "iOSAuth-Bridging-Header.h"; sourceTree = "<group>"; };
		A4B2C96B200A716C00D8352A /* UIColor+HEX.m */ = {isa = PBXFileReference; fileEncoding = 4; lastKnownFileType = sourcecode.c.objc; path = "UIColor+HEX.m"; sourceTree = "<group>"; };
		A4B2C96C200A716C00D8352A /* QRView.m */ = {isa = PBXFileReference; fileEncoding = 4; lastKnownFileType = sourcecode.c.objc; path = QRView.m; sourceTree = "<group>"; };
		A4B2C96D200A716C00D8352A /* QRView.h */ = {isa = PBXFileReference; fileEncoding = 4; lastKnownFileType = sourcecode.c.h; path = QRView.h; sourceTree = "<group>"; };
		A4B2C96E200A716C00D8352A /* ScanQRCodeViewController.h */ = {isa = PBXFileReference; fileEncoding = 4; lastKnownFileType = sourcecode.c.h; path = ScanQRCodeViewController.h; sourceTree = "<group>"; };
		A4B2C96F200A716C00D8352A /* UIColor+HEX.h */ = {isa = PBXFileReference; fileEncoding = 4; lastKnownFileType = sourcecode.c.h; path = "UIColor+HEX.h"; sourceTree = "<group>"; };
		A4B2C970200A716C00D8352A /* ScanQRCodeViewController.m */ = {isa = PBXFileReference; fileEncoding = 4; lastKnownFileType = sourcecode.c.objc; path = ScanQRCodeViewController.m; sourceTree = "<group>"; };
		A4C082F8200C55B500EF0B08 /* alterView.m */ = {isa = PBXFileReference; fileEncoding = 4; lastKnownFileType = sourcecode.c.objc; path = alterView.m; sourceTree = "<group>"; };
		A4C082F9200C55B500EF0B08 /* alterView.h */ = {isa = PBXFileReference; fileEncoding = 4; lastKnownFileType = sourcecode.c.h; path = alterView.h; sourceTree = "<group>"; };
		A4C082FB200C8C8B00EF0B08 /* DMCAlertCenter.m */ = {isa = PBXFileReference; fileEncoding = 4; lastKnownFileType = sourcecode.c.objc; path = DMCAlertCenter.m; sourceTree = "<group>"; };
		A4C082FC200C8C8B00EF0B08 /* DMCAlertCenter.h */ = {isa = PBXFileReference; fileEncoding = 4; lastKnownFileType = sourcecode.c.h; path = DMCAlertCenter.h; sourceTree = "<group>"; };
		A4C082FE200C903E00EF0B08 /* cellDetailController.swift */ = {isa = PBXFileReference; lastKnownFileType = sourcecode.swift; path = cellDetailController.swift; sourceTree = "<group>"; };
		A4D3751A2014E5EF00EE71FE /* blockChainController.swift */ = {isa = PBXFileReference; lastKnownFileType = sourcecode.swift; path = blockChainController.swift; sourceTree = "<group>"; };
		A4D3751C2014E76300EE71FE /* blockChainCell.swift */ = {isa = PBXFileReference; lastKnownFileType = sourcecode.swift; path = blockChainCell.swift; sourceTree = "<group>"; };
		A4D3751D2014E76300EE71FE /* blockChainCell.xib */ = {isa = PBXFileReference; lastKnownFileType = file.xib; path = blockChainCell.xib; sourceTree = "<group>"; };
		A4D375202015977900EE71FE /* bluetoothCell.swift */ = {isa = PBXFileReference; lastKnownFileType = sourcecode.swift; path = bluetoothCell.swift; sourceTree = "<group>"; };
		A4D375222015D41800EE71FE /* blueToothController.swift */ = {isa = PBXFileReference; lastKnownFileType = sourcecode.swift; path = blueToothController.swift; sourceTree = "<group>"; };
		A4D375262016D8BA00EE71FE /* PrefixHeader.pch */ = {isa = PBXFileReference; lastKnownFileType = sourcecode.c.h; path = PrefixHeader.pch; sourceTree = "<group>"; };
		A4D375272016E39F00EE71FE /* normalAccountCell.h */ = {isa = PBXFileReference; lastKnownFileType = sourcecode.c.h; path = normalAccountCell.h; sourceTree = "<group>"; };
		A4D375282016E39F00EE71FE /* normalAccountCell.m */ = {isa = PBXFileReference; lastKnownFileType = sourcecode.c.objc; path = normalAccountCell.m; sourceTree = "<group>"; };
		A4D375712018746B00EE71FE /* Charts.framework */ = {isa = PBXFileReference; explicitFileType = wrapper.framework; path = Charts.framework; sourceTree = BUILT_PRODUCTS_DIR; };
		A4D3757220187AB700EE71FE /* linechart.swift */ = {isa = PBXFileReference; lastKnownFileType = sourcecode.swift; path = linechart.swift; sourceTree = "<group>"; };
		A4D375742018839900EE71FE /* lineChartViewCell.swift */ = {isa = PBXFileReference; lastKnownFileType = sourcecode.swift; path = lineChartViewCell.swift; sourceTree = "<group>"; };
		A4D3757620197D9400EE71FE /* chuBlcokCell.swift */ = {isa = PBXFileReference; lastKnownFileType = sourcecode.swift; path = chuBlcokCell.swift; sourceTree = "<group>"; };
		A4D3757820197E9200EE71FE /* chuBlockCell1.swift */ = {isa = PBXFileReference; lastKnownFileType = sourcecode.swift; path = chuBlockCell1.swift; sourceTree = "<group>"; };
		A4D3757A2019B39500EE71FE /* abnormalCell.swift */ = {isa = PBXFileReference; lastKnownFileType = sourcecode.swift; path = abnormalCell.swift; sourceTree = "<group>"; };
		A4E855151E6D76C100F09370 /* MainTableViewController.swift */ = {isa = PBXFileReference; fileEncoding = 4; lastKnownFileType = sourcecode.swift; path = "MainT\U0003\U0003\U0003\U0003\U0003\U0003\U0003\U0003\U0003\U0003ableViewController.swift"; sourceTree = "<group>"; };
		C34197F278C2F3762680F4A2 /* Pods_iOSAuth.framework */ = {isa = PBXFileReference; explicitFileType = wrapper.framework; includeInIndex = 0; path = Pods_iOSAuth.framework; sourceTree = BUILT_PRODUCTS_DIR; };
		FCF1C12D1FC676840019F764 /* ConstraintInsetTarget.swift */ = {isa = PBXFileReference; fileEncoding = 4; lastKnownFileType = sourcecode.swift; path = ConstraintInsetTarget.swift; sourceTree = "<group>"; };
		FCF1C12E1FC676840019F764 /* ConstraintOffsetTarget.swift */ = {isa = PBXFileReference; fileEncoding = 4; lastKnownFileType = sourcecode.swift; path = ConstraintOffsetTarget.swift; sourceTree = "<group>"; };
		FCF1C12F1FC676850019F764 /* ConstraintMaker.swift */ = {isa = PBXFileReference; fileEncoding = 4; lastKnownFileType = sourcecode.swift; path = ConstraintMaker.swift; sourceTree = "<group>"; };
		FCF1C1301FC676850019F764 /* ConstraintLayoutGuideDSL.swift */ = {isa = PBXFileReference; fileEncoding = 4; lastKnownFileType = sourcecode.swift; path = ConstraintLayoutGuideDSL.swift; sourceTree = "<group>"; };
		FCF1C1311FC676850019F764 /* LayoutConstraintItem.swift */ = {isa = PBXFileReference; fileEncoding = 4; lastKnownFileType = sourcecode.swift; path = LayoutConstraintItem.swift; sourceTree = "<group>"; };
		FCF1C1321FC676850019F764 /* ConstraintView.swift */ = {isa = PBXFileReference; fileEncoding = 4; lastKnownFileType = sourcecode.swift; path = ConstraintView.swift; sourceTree = "<group>"; };
		FCF1C1331FC676850019F764 /* ConstraintMultiplierTarget.swift */ = {isa = PBXFileReference; fileEncoding = 4; lastKnownFileType = sourcecode.swift; path = ConstraintMultiplierTarget.swift; sourceTree = "<group>"; };
		FCF1C1341FC676850019F764 /* ConstraintItem.swift */ = {isa = PBXFileReference; fileEncoding = 4; lastKnownFileType = sourcecode.swift; path = ConstraintItem.swift; sourceTree = "<group>"; };
		FCF1C1351FC676850019F764 /* ConstraintConfig.swift */ = {isa = PBXFileReference; fileEncoding = 4; lastKnownFileType = sourcecode.swift; path = ConstraintConfig.swift; sourceTree = "<group>"; };
		FCF1C1361FC676850019F764 /* ConstraintDescription.swift */ = {isa = PBXFileReference; fileEncoding = 4; lastKnownFileType = sourcecode.swift; path = ConstraintDescription.swift; sourceTree = "<group>"; };
		FCF1C1371FC676850019F764 /* ConstraintMakerEditable.swift */ = {isa = PBXFileReference; fileEncoding = 4; lastKnownFileType = sourcecode.swift; path = ConstraintMakerEditable.swift; sourceTree = "<group>"; };
		FCF1C1381FC676850019F764 /* ConstraintMakerFinalizable.swift */ = {isa = PBXFileReference; fileEncoding = 4; lastKnownFileType = sourcecode.swift; path = ConstraintMakerFinalizable.swift; sourceTree = "<group>"; };
		FCF1C1391FC676850019F764 /* Debugging.swift */ = {isa = PBXFileReference; fileEncoding = 4; lastKnownFileType = sourcecode.swift; path = Debugging.swift; sourceTree = "<group>"; };
		FCF1C13A1FC676860019F764 /* ConstraintViewDSL.swift */ = {isa = PBXFileReference; fileEncoding = 4; lastKnownFileType = sourcecode.swift; path = ConstraintViewDSL.swift; sourceTree = "<group>"; };
		FCF1C13B1FC676860019F764 /* ConstraintRelatableTarget.swift */ = {isa = PBXFileReference; fileEncoding = 4; lastKnownFileType = sourcecode.swift; path = ConstraintRelatableTarget.swift; sourceTree = "<group>"; };
		FCF1C13C1FC676860019F764 /* ConstraintView+Extensions.swift */ = {isa = PBXFileReference; fileEncoding = 4; lastKnownFileType = sourcecode.swift; path = "ConstraintView+Extensions.swift"; sourceTree = "<group>"; };
		FCF1C13D1FC676860019F764 /* ConstraintLayoutSupportDSL.swift */ = {isa = PBXFileReference; fileEncoding = 4; lastKnownFileType = sourcecode.swift; path = ConstraintLayoutSupportDSL.swift; sourceTree = "<group>"; };
		FCF1C13E1FC676860019F764 /* ConstraintRelation.swift */ = {isa = PBXFileReference; fileEncoding = 4; lastKnownFileType = sourcecode.swift; path = ConstraintRelation.swift; sourceTree = "<group>"; };
		FCF1C13F1FC676860019F764 /* ConstraintLayoutSupport.swift */ = {isa = PBXFileReference; fileEncoding = 4; lastKnownFileType = sourcecode.swift; path = ConstraintLayoutSupport.swift; sourceTree = "<group>"; };
		FCF1C1401FC676860019F764 /* ConstraintLayoutGuide.swift */ = {isa = PBXFileReference; fileEncoding = 4; lastKnownFileType = sourcecode.swift; path = ConstraintLayoutGuide.swift; sourceTree = "<group>"; };
		FCF1C1411FC676860019F764 /* ConstraintMakerExtendable.swift */ = {isa = PBXFileReference; fileEncoding = 4; lastKnownFileType = sourcecode.swift; path = ConstraintMakerExtendable.swift; sourceTree = "<group>"; };
		FCF1C1421FC676870019F764 /* ConstraintInsets.swift */ = {isa = PBXFileReference; fileEncoding = 4; lastKnownFileType = sourcecode.swift; path = ConstraintInsets.swift; sourceTree = "<group>"; };
		FCF1C1431FC676870019F764 /* LayoutConstraint.swift */ = {isa = PBXFileReference; fileEncoding = 4; lastKnownFileType = sourcecode.swift; path = LayoutConstraint.swift; sourceTree = "<group>"; };
		FCF1C1441FC676870019F764 /* UILayoutSupport+Extensions.swift */ = {isa = PBXFileReference; fileEncoding = 4; lastKnownFileType = sourcecode.swift; path = "UILayoutSupport+Extensions.swift"; sourceTree = "<group>"; };
		FCF1C1451FC676870019F764 /* ConstraintMakerPriortizable.swift */ = {isa = PBXFileReference; fileEncoding = 4; lastKnownFileType = sourcecode.swift; path = ConstraintMakerPriortizable.swift; sourceTree = "<group>"; };
		FCF1C1461FC676870019F764 /* ConstraintDSL.swift */ = {isa = PBXFileReference; fileEncoding = 4; lastKnownFileType = sourcecode.swift; path = ConstraintDSL.swift; sourceTree = "<group>"; };
		FCF1C1471FC676870019F764 /* ConstraintMakerRelatable.swift */ = {isa = PBXFileReference; fileEncoding = 4; lastKnownFileType = sourcecode.swift; path = ConstraintMakerRelatable.swift; sourceTree = "<group>"; };
		FCF1C1481FC676870019F764 /* Constraint.swift */ = {isa = PBXFileReference; fileEncoding = 4; lastKnownFileType = sourcecode.swift; path = Constraint.swift; sourceTree = "<group>"; };
		FCF1C1491FC676880019F764 /* ConstraintPriorityTarget.swift */ = {isa = PBXFileReference; fileEncoding = 4; lastKnownFileType = sourcecode.swift; path = ConstraintPriorityTarget.swift; sourceTree = "<group>"; };
		FCF1C14A1FC676880019F764 /* ConstraintConstantTarget.swift */ = {isa = PBXFileReference; fileEncoding = 4; lastKnownFileType = sourcecode.swift; path = ConstraintConstantTarget.swift; sourceTree = "<group>"; };
		FCF1C14B1FC676880019F764 /* ConstraintAttributes.swift */ = {isa = PBXFileReference; fileEncoding = 4; lastKnownFileType = sourcecode.swift; path = ConstraintAttributes.swift; sourceTree = "<group>"; };
		FCF1C14C1FC676880019F764 /* ConstraintLayoutGuide+Extensions.swift */ = {isa = PBXFileReference; fileEncoding = 4; lastKnownFileType = sourcecode.swift; path = "ConstraintLayoutGuide+Extensions.swift"; sourceTree = "<group>"; };
		FCF1C16D1FC676940019F764 /* WebSocket.swift */ = {isa = PBXFileReference; fileEncoding = 4; lastKnownFileType = sourcecode.swift; path = WebSocket.swift; sourceTree = "<group>"; };
		FCF1C16E1FC676940019F764 /* SSLSecurity.swift */ = {isa = PBXFileReference; fileEncoding = 4; lastKnownFileType = sourcecode.swift; path = SSLSecurity.swift; sourceTree = "<group>"; };
		FCF1C18C1FC6B4730019F764 /* Base32.framework */ = {isa = PBXFileReference; explicitFileType = wrapper.framework; path = Base32.framework; sourceTree = BUILT_PRODUCTS_DIR; };
		FCF1C18D1FC6B4730019F764 /* CryptoSwift.framework */ = {isa = PBXFileReference; explicitFileType = wrapper.framework; path = CryptoSwift.framework; sourceTree = BUILT_PRODUCTS_DIR; };
		FCF1C18E1FC6B4730019F764 /* OneTimePassword.framework */ = {isa = PBXFileReference; explicitFileType = wrapper.framework; path = OneTimePassword.framework; sourceTree = BUILT_PRODUCTS_DIR; };
		FCF1C18F1FC6B4730019F764 /* Result.framework */ = {isa = PBXFileReference; explicitFileType = wrapper.framework; path = Result.framework; sourceTree = BUILT_PRODUCTS_DIR; };
		FCF1C1901FC6B4730019F764 /* TrueTime.framework */ = {isa = PBXFileReference; explicitFileType = wrapper.framework; path = TrueTime.framework; sourceTree = BUILT_PRODUCTS_DIR; };
		FCF1C19A1FC6B4C90019F764 /* Pods_iOSAuth.framework */ = {isa = PBXFileReference; explicitFileType = wrapper.framework; path = Pods_iOSAuth.framework; sourceTree = BUILT_PRODUCTS_DIR; };
		FCF1C1A91FC6B5AB0019F764 /* Base32.framework */ = {isa = PBXFileReference; explicitFileType = wrapper.framework; path = Base32.framework; sourceTree = BUILT_PRODUCTS_DIR; };
		FCF1C1AA1FC6B5AB0019F764 /* CryptoSwift.framework */ = {isa = PBXFileReference; explicitFileType = wrapper.framework; path = CryptoSwift.framework; sourceTree = BUILT_PRODUCTS_DIR; };
		FCF1C1AB1FC6B5AB0019F764 /* OneTimePassword.framework */ = {isa = PBXFileReference; explicitFileType = wrapper.framework; path = OneTimePassword.framework; sourceTree = BUILT_PRODUCTS_DIR; };
		FCF1C1AC1FC6B5AB0019F764 /* Result.framework */ = {isa = PBXFileReference; explicitFileType = wrapper.framework; path = Result.framework; sourceTree = BUILT_PRODUCTS_DIR; };
		FCF1C1AD1FC6B5AB0019F764 /* TrueTime.framework */ = {isa = PBXFileReference; explicitFileType = wrapper.framework; path = TrueTime.framework; sourceTree = BUILT_PRODUCTS_DIR; };
/* End PBXFileReference section */

/* Begin PBXFrameworksBuildPhase section */
		A43336691E695BFF00296C3B /* Frameworks */ = {
			isa = PBXFrameworksBuildPhase;
			buildActionMask = 2147483647;
			files = (
				D7F33533280ECD7CAAB53DD0 /* Pods_iOSAuth.framework in Frameworks */,
			);
			runOnlyForDeploymentPostprocessing = 0;
		};
		A433367D1E695BFF00296C3B /* Frameworks */ = {
			isa = PBXFrameworksBuildPhase;
			buildActionMask = 2147483647;
			files = (
				0A7F673E9AA0C981648128DB /* Pods_iOSAuthTests.framework in Frameworks */,
			);
			runOnlyForDeploymentPostprocessing = 0;
		};
/* End PBXFrameworksBuildPhase section */

/* Begin PBXGroup section */
		60B67F6B17A9A06E42D47A76 /* Frameworks */ = {
			isa = PBXGroup;
			children = (
				A4D375712018746B00EE71FE /* Charts.framework */,
				FCF1C1A91FC6B5AB0019F764 /* Base32.framework */,
				FCF1C1AA1FC6B5AB0019F764 /* CryptoSwift.framework */,
				FCF1C1AB1FC6B5AB0019F764 /* OneTimePassword.framework */,
				FCF1C1AC1FC6B5AB0019F764 /* Result.framework */,
				FCF1C1AD1FC6B5AB0019F764 /* TrueTime.framework */,
				FCF1C18C1FC6B4730019F764 /* Base32.framework */,
				FCF1C18D1FC6B4730019F764 /* CryptoSwift.framework */,
				FCF1C18E1FC6B4730019F764 /* OneTimePassword.framework */,
				FCF1C18F1FC6B4730019F764 /* Result.framework */,
				FCF1C1901FC6B4730019F764 /* TrueTime.framework */,
				C34197F278C2F3762680F4A2 /* Pods_iOSAuth.framework */,
				3DCD15C40306C94E3B0F804D /* Pods_iOSAuthTests.framework */,
			);
			name = Frameworks;
			sourceTree = "<group>";
		};
		7BF05D180C92FFFA6515002F /* Pods */ = {
			isa = PBXGroup;
			children = (
				765BDC31BEDADFC2C642CB2B /* Pods-iOSAuth.debug.xcconfig */,
				911CED342CC584DFE009344B /* Pods-iOSAuth.release.xcconfig */,
				8C1278B1452E989329E41A1A /* Pods-iOSAuthTests.debug.xcconfig */,
				73FD35D7C510F936CE42E233 /* Pods-iOSAuthTests.release.xcconfig */,
			);
			name = Pods;
			sourceTree = "<group>";
		};
		A43336631E695BFF00296C3B = {
			isa = PBXGroup;
			children = (
				A4771C712011F47D00A42514 /* leftSilde */,
				A4B2C9632008676500D8352A /* ocfile */,
				FCF1C19A1FC6B4C90019F764 /* Pods_iOSAuth.framework */,
				FCF1C12C1FC675A30019F764 /* SnapKit */,
				FCF1C12B1FC675810019F764 /* Starscream */,
				A433366E1E695BFF00296C3B /* iOSAuth */,
				A43336831E695BFF00296C3B /* iOSAuthTests */,
				A433366D1E695BFF00296C3B /* Products */,
				7BF05D180C92FFFA6515002F /* Pods */,
				60B67F6B17A9A06E42D47A76 /* Frameworks */,
			);
			sourceTree = "<group>";
		};
		A433366D1E695BFF00296C3B /* Products */ = {
			isa = PBXGroup;
			children = (
				A433366C1E695BFF00296C3B /* iOSAuthModule.app */,
				A43336801E695BFF00296C3B /* iOSAuthTests.xctest */,
			);
			name = Products;
			sourceTree = "<group>";
		};
		A433366E1E695BFF00296C3B /* iOSAuth */ = {
			isa = PBXGroup;
			children = (
				A4758BC82016336000A976AF /* accountDetail */,
				A44562C81E763BF700ABE337 /* iOSAuth.entitlements */,
				A433366F1E695BFF00296C3B /* AppDelegate.swift */,
				A43336731E695BFF00296C3B /* Main.storyboard */,
				A430A9E01E9D278F0067F15D /* WifiViewController.swift */,
				A445F1151E8FB48300C0F2CF /* DeviceConnectionTableViewCell.swift */,
				A44B097E1E76596900A9F51C /* ActiveConnectionTableViewCell.swift */,
				A4515B521E71014E00BB65A9 /* WebSocketConnection.swift */,
				A439BA871E6ED1A500769EA8 /* AuthenticationPushViewController.swift */,
				A44AA41F1E6D144A00C6247E /* QRScannerViewController.swift */,
				A4E855151E6D76C100F09370 /* MainTableViewController.swift */,
				A43336761E695BFF00296C3B /* Assets.xcassets */,
				A43336781E695BFF00296C3B /* LaunchScreen.storyboard */,
				A433367B1E695BFF00296C3B /* Info.plist */,
				A4C082FE200C903E00EF0B08 /* cellDetailController.swift */,
				A4771C7620134B7100A42514 /* MainController.swift */,
				A4771C7820134C8500A42514 /* deviceConnectionCell.swift */,
				A4771C7920134C8500A42514 /* deviceConnectionCell.xib */,
			);
			path = iOSAuth;
			sourceTree = "<group>";
		};
		A43336831E695BFF00296C3B /* iOSAuthTests */ = {
			isa = PBXGroup;
			children = (
				A43336841E695BFF00296C3B /* iOSAuthTests.swift */,
				A43336861E695BFF00296C3B /* Info.plist */,
			);
			path = iOSAuthTests;
			sourceTree = "<group>";
		};
		A4758BC82016336000A976AF /* accountDetail */ = {
			isa = PBXGroup;
			children = (
				A4758BD32016352E00A976AF /* abnormal */,
				A4758BD22016351E00A976AF /* normal */,
				A4758BCD201633AE00A976AF /* YSLContainerViewController.h */,
				A4758BCE201633AE00A976AF /* YSLContainerViewController.m */,
				A4758BC9201633AD00A976AF /* YSLScrollMenuView.h */,
				A4758BCA201633AD00A976AF /* YSLScrollMenuView.m */,
				A4758BCF2016341800A976AF /* accountDetailController.h */,
				A4758BD02016341800A976AF /* accountDetailController.m */,
			);
			path = accountDetail;
			sourceTree = "<group>";
		};
		A4758BD22016351E00A976AF /* normal */ = {
			isa = PBXGroup;
			children = (
				A4758BD42016355E00A976AF /* normalController.h */,
				A4758BD52016355E00A976AF /* normalController.m */,
				A4D375272016E39F00EE71FE /* normalAccountCell.h */,
				A4D375282016E39F00EE71FE /* normalAccountCell.m */,
			);
			path = normal;
			sourceTree = "<group>";
		};
		A4758BD32016352E00A976AF /* abnormal */ = {
			isa = PBXGroup;
			children = (
				A4758BD72016357000A976AF /* abnormalController.h */,
				A4758BD82016357000A976AF /* abnormalController.m */,
				A4D3757A2019B39500EE71FE /* abnormalCell.swift */,
			);
			path = abnormal;
			sourceTree = "<group>";
		};
		A4771C712011F47D00A42514 /* leftSilde */ = {
			isa = PBXGroup;
			children = (
				A4D375182014E5A700EE71FE /* blockChain */,
				A4D375192014E5A700EE71FE /* blueTooth */,
				A4D375172014E5A700EE71FE /* setting */,
				A4771C7C2013953000A42514 /* LeftSlideViewController */,
				A4771C722011F4DA00A42514 /* leftSlideController.swift */,
				A4771C742011FA9200A42514 /* leftSortsController.swift */,
				A4771C8320139E9000A42514 /* leftSlideDetailController.swift */,
			);
			path = leftSilde;
			sourceTree = "<group>";
		};
		A4771C7C2013953000A42514 /* LeftSlideViewController */ = {
			isa = PBXGroup;
			children = (
				A4771C7D2013953000A42514 /* LeftSlideViewController.h */,
				A4771C7E2013953000A42514 /* LeftSlideViewController.m */,
				A4771C7F2013953000A42514 /* UIView_extra.h */,
				A4771C802013953000A42514 /* UIView_extra.m */,
			);
			path = LeftSlideViewController;
			sourceTree = "<group>";
		};
		A4B2C9632008676500D8352A /* ocfile */ = {
			isa = PBXGroup;
			children = (
				A4D375262016D8BA00EE71FE /* PrefixHeader.pch */,
				A4C082FC200C8C8B00EF0B08 /* DMCAlertCenter.h */,
				A4C082FB200C8C8B00EF0B08 /* DMCAlertCenter.m */,
				A4C082F9200C55B500EF0B08 /* alterView.h */,
				A4C082F8200C55B500EF0B08 /* alterView.m */,
				A4B2C96D200A716C00D8352A /* QRView.h */,
				A4B2C96C200A716C00D8352A /* QRView.m */,
				A4B2C96E200A716C00D8352A /* ScanQRCodeViewController.h */,
				A4B2C970200A716C00D8352A /* ScanQRCodeViewController.m */,
				A4B2C96F200A716C00D8352A /* UIColor+HEX.h */,
				A4B2C96B200A716C00D8352A /* UIColor+HEX.m */,
				A4B2C964200867C400D8352A /* iOSAuth-Bridging-Header.h */,
			);
			path = ocfile;
			sourceTree = "<group>";
		};
		A4D375172014E5A700EE71FE /* setting */ = {
			isa = PBXGroup;
			children = (
			);
			path = setting;
			sourceTree = "<group>";
		};
		A4D375182014E5A700EE71FE /* blockChain */ = {
			isa = PBXGroup;
			children = (
				A4D3751A2014E5EF00EE71FE /* blockChainController.swift */,
				A4D3751C2014E76300EE71FE /* blockChainCell.swift */,
				A4D3751D2014E76300EE71FE /* blockChainCell.xib */,
				A4D3757220187AB700EE71FE /* linechart.swift */,
				A4D375742018839900EE71FE /* lineChartViewCell.swift */,
				A4D3757620197D9400EE71FE /* chuBlcokCell.swift */,
				A4D3757820197E9200EE71FE /* chuBlockCell1.swift */,
			);
			path = blockChain;
			sourceTree = "<group>";
		};
		A4D375192014E5A700EE71FE /* blueTooth */ = {
			isa = PBXGroup;
			children = (
				A4D375202015977900EE71FE /* bluetoothCell.swift */,
				A4D375222015D41800EE71FE /* blueToothController.swift */,
			);
			path = blueTooth;
			sourceTree = "<group>";
		};
		FCF1C12B1FC675810019F764 /* Starscream */ = {
			isa = PBXGroup;
			children = (
				FCF1C16E1FC676940019F764 /* SSLSecurity.swift */,
				FCF1C16D1FC676940019F764 /* WebSocket.swift */,
			);
			path = Starscream;
			sourceTree = "<group>";
		};
		FCF1C12C1FC675A30019F764 /* SnapKit */ = {
			isa = PBXGroup;
			children = (
				FCF1C1481FC676870019F764 /* Constraint.swift */,
				FCF1C14B1FC676880019F764 /* ConstraintAttributes.swift */,
				FCF1C1351FC676850019F764 /* ConstraintConfig.swift */,
				FCF1C14A1FC676880019F764 /* ConstraintConstantTarget.swift */,
				FCF1C1361FC676850019F764 /* ConstraintDescription.swift */,
				FCF1C1461FC676870019F764 /* ConstraintDSL.swift */,
				FCF1C1421FC676870019F764 /* ConstraintInsets.swift */,
				FCF1C12D1FC676840019F764 /* ConstraintInsetTarget.swift */,
				FCF1C1341FC676850019F764 /* ConstraintItem.swift */,
				FCF1C1401FC676860019F764 /* ConstraintLayoutGuide.swift */,
				FCF1C14C1FC676880019F764 /* ConstraintLayoutGuide+Extensions.swift */,
				FCF1C1301FC676850019F764 /* ConstraintLayoutGuideDSL.swift */,
				FCF1C13F1FC676860019F764 /* ConstraintLayoutSupport.swift */,
				FCF1C13D1FC676860019F764 /* ConstraintLayoutSupportDSL.swift */,
				FCF1C12F1FC676850019F764 /* ConstraintMaker.swift */,
				FCF1C1371FC676850019F764 /* ConstraintMakerEditable.swift */,
				FCF1C1411FC676860019F764 /* ConstraintMakerExtendable.swift */,
				FCF1C1381FC676850019F764 /* ConstraintMakerFinalizable.swift */,
				FCF1C1451FC676870019F764 /* ConstraintMakerPriortizable.swift */,
				FCF1C1471FC676870019F764 /* ConstraintMakerRelatable.swift */,
				FCF1C1331FC676850019F764 /* ConstraintMultiplierTarget.swift */,
				FCF1C12E1FC676840019F764 /* ConstraintOffsetTarget.swift */,
				FCF1C1491FC676880019F764 /* ConstraintPriorityTarget.swift */,
				FCF1C13B1FC676860019F764 /* ConstraintRelatableTarget.swift */,
				FCF1C13E1FC676860019F764 /* ConstraintRelation.swift */,
				FCF1C1321FC676850019F764 /* ConstraintView.swift */,
				FCF1C13C1FC676860019F764 /* ConstraintView+Extensions.swift */,
				FCF1C13A1FC676860019F764 /* ConstraintViewDSL.swift */,
				FCF1C1391FC676850019F764 /* Debugging.swift */,
				FCF1C1431FC676870019F764 /* LayoutConstraint.swift */,
				FCF1C1311FC676850019F764 /* LayoutConstraintItem.swift */,
				FCF1C1441FC676870019F764 /* UILayoutSupport+Extensions.swift */,
			);
			path = SnapKit;
			sourceTree = "<group>";
		};
/* End PBXGroup section */

/* Begin PBXNativeTarget section */
		A433366B1E695BFF00296C3B /* iOSAuth */ = {
			isa = PBXNativeTarget;
			buildConfigurationList = A43336891E695BFF00296C3B /* Build configuration list for PBXNativeTarget "iOSAuth" */;
			buildPhases = (
				1AF72F2E440B809756B05D27 /* [CP] Check Pods Manifest.lock */,
				A43336681E695BFF00296C3B /* Sources */,
				A43336691E695BFF00296C3B /* Frameworks */,
				A433366A1E695BFF00296C3B /* Resources */,
				7F1E74CA240CCBE78DAD7D99 /* [CP] Embed Pods Frameworks */,
				71F3D183912086037B58B4D0 /* [CP] Copy Pods Resources */,
			);
			buildRules = (
			);
			dependencies = (
			);
			name = iOSAuth;
			productName = iOSAuth;
			productReference = A433366C1E695BFF00296C3B /* iOSAuthModule.app */;
			productType = "com.apple.product-type.application";
		};
		A433367F1E695BFF00296C3B /* iOSAuthTests */ = {
			isa = PBXNativeTarget;
			buildConfigurationList = A433368C1E695BFF00296C3B /* Build configuration list for PBXNativeTarget "iOSAuthTests" */;
			buildPhases = (
				EA151AC6A66FC0FBB9173A45 /* [CP] Check Pods Manifest.lock */,
				A433367C1E695BFF00296C3B /* Sources */,
				A433367D1E695BFF00296C3B /* Frameworks */,
				A433367E1E695BFF00296C3B /* Resources */,
				887179773334EDEBA9560DC5 /* [CP] Embed Pods Frameworks */,
				13929691DCAA41C7E7FB1457 /* [CP] Copy Pods Resources */,
			);
			buildRules = (
			);
			dependencies = (
				A43336821E695BFF00296C3B /* PBXTargetDependency */,
			);
			name = iOSAuthTests;
			productName = iOSAuthTests;
			productReference = A43336801E695BFF00296C3B /* iOSAuthTests.xctest */;
			productType = "com.apple.product-type.bundle.unit-test";
		};
/* End PBXNativeTarget section */

/* Begin PBXProject section */
		A43336641E695BFF00296C3B /* Project object */ = {
			isa = PBXProject;
			attributes = {
				LastSwiftUpdateCheck = 0820;
				LastUpgradeCheck = 0820;
				ORGANIZATIONNAME = Aran;
				TargetAttributes = {
					A433366B1E695BFF00296C3B = {
						CreatedOnToolsVersion = 8.2.1;
						DevelopmentTeam = JMEPB229N9;
						LastSwiftMigration = 0910;
						ProvisioningStyle = Automatic;
						SystemCapabilities = {
							com.apple.Keychain = {
								enabled = 1;
							};
						};
					};
					A433367F1E695BFF00296C3B = {
						CreatedOnToolsVersion = 8.2.1;
						DevelopmentTeam = UF83U7S3DV;
						ProvisioningStyle = Automatic;
						TestTargetID = A433366B1E695BFF00296C3B;
					};
				};
			};
			buildConfigurationList = A43336671E695BFF00296C3B /* Build configuration list for PBXProject "iOSAuth" */;
			compatibilityVersion = "Xcode 3.2";
			developmentRegion = English;
			hasScannedForEncodings = 0;
			knownRegions = (
				en,
				Base,
			);
			mainGroup = A43336631E695BFF00296C3B;
			productRefGroup = A433366D1E695BFF00296C3B /* Products */;
			projectDirPath = "";
			projectRoot = "";
			targets = (
				A433366B1E695BFF00296C3B /* iOSAuth */,
				A433367F1E695BFF00296C3B /* iOSAuthTests */,
			);
		};
/* End PBXProject section */

/* Begin PBXResourcesBuildPhase section */
		A433366A1E695BFF00296C3B /* Resources */ = {
			isa = PBXResourcesBuildPhase;
			buildActionMask = 2147483647;
			files = (
				A4D3751F2014E76300EE71FE /* blockChainCell.xib in Resources */,
				A433367A1E695BFF00296C3B /* LaunchScreen.storyboard in Resources */,
				A4771C7B20134C8500A42514 /* deviceConnectionCell.xib in Resources */,
				A43336771E695BFF00296C3B /* Assets.xcassets in Resources */,
				A43336751E695BFF00296C3B /* Main.storyboard in Resources */,
			);
			runOnlyForDeploymentPostprocessing = 0;
		};
		A433367E1E695BFF00296C3B /* Resources */ = {
			isa = PBXResourcesBuildPhase;
			buildActionMask = 2147483647;
			files = (
			);
			runOnlyForDeploymentPostprocessing = 0;
		};
/* End PBXResourcesBuildPhase section */

/* Begin PBXShellScriptBuildPhase section */
		13929691DCAA41C7E7FB1457 /* [CP] Copy Pods Resources */ = {
			isa = PBXShellScriptBuildPhase;
			buildActionMask = 2147483647;
			files = (
			);
			inputPaths = (
			);
			name = "[CP] Copy Pods Resources";
			outputPaths = (
			);
			runOnlyForDeploymentPostprocessing = 0;
			shellPath = /bin/sh;
			shellScript = "\"${SRCROOT}/Pods/Target Support Files/Pods-iOSAuthTests/Pods-iOSAuthTests-resources.sh\"\n";
			showEnvVarsInLog = 0;
		};
		1AF72F2E440B809756B05D27 /* [CP] Check Pods Manifest.lock */ = {
			isa = PBXShellScriptBuildPhase;
			buildActionMask = 2147483647;
			files = (
			);
			inputPaths = (
				"${PODS_PODFILE_DIR_PATH}/Podfile.lock",
				"${PODS_ROOT}/Manifest.lock",
			);
			name = "[CP] Check Pods Manifest.lock";
			outputPaths = (
				"$(DERIVED_FILE_DIR)/Pods-iOSAuth-checkManifestLockResult.txt",
			);
			runOnlyForDeploymentPostprocessing = 0;
			shellPath = /bin/sh;
			shellScript = "diff \"${PODS_PODFILE_DIR_PATH}/Podfile.lock\" \"${PODS_ROOT}/Manifest.lock\" > /dev/null\nif [ $? != 0 ] ; then\n    # print error to STDERR\n    echo \"error: The sandbox is not in sync with the Podfile.lock. Run 'pod install' or update your CocoaPods installation.\" >&2\n    exit 1\nfi\n";
			showEnvVarsInLog = 0;
		};
		71F3D183912086037B58B4D0 /* [CP] Copy Pods Resources */ = {
			isa = PBXShellScriptBuildPhase;
			buildActionMask = 2147483647;
			files = (
			);
			inputPaths = (
			);
			name = "[CP] Copy Pods Resources";
			outputPaths = (
			);
			runOnlyForDeploymentPostprocessing = 0;
			shellPath = /bin/sh;
			shellScript = "\"${SRCROOT}/Pods/Target Support Files/Pods-iOSAuth/Pods-iOSAuth-resources.sh\"\n";
			showEnvVarsInLog = 0;
		};
		7F1E74CA240CCBE78DAD7D99 /* [CP] Embed Pods Frameworks */ = {
			isa = PBXShellScriptBuildPhase;
			buildActionMask = 2147483647;
			files = (
			);
			inputPaths = (
				"${SRCROOT}/Pods/Target Support Files/Pods-iOSAuth/Pods-iOSAuth-frameworks.sh",
				"${BUILT_PRODUCTS_DIR}/Base32/Base32.framework",
				"${BUILT_PRODUCTS_DIR}/CryptoSwift/CryptoSwift.framework",
				"${BUILT_PRODUCTS_DIR}/OneTimePassword/OneTimePassword.framework",
				"${BUILT_PRODUCTS_DIR}/Result/Result.framework",
				"${BUILT_PRODUCTS_DIR}/TrueTime/TrueTime.framework",
			);
			name = "[CP] Embed Pods Frameworks";
			outputPaths = (
				"${TARGET_BUILD_DIR}/${FRAMEWORKS_FOLDER_PATH}/Base32.framework",
				"${TARGET_BUILD_DIR}/${FRAMEWORKS_FOLDER_PATH}/CryptoSwift.framework",
				"${TARGET_BUILD_DIR}/${FRAMEWORKS_FOLDER_PATH}/OneTimePassword.framework",
				"${TARGET_BUILD_DIR}/${FRAMEWORKS_FOLDER_PATH}/Result.framework",
				"${TARGET_BUILD_DIR}/${FRAMEWORKS_FOLDER_PATH}/TrueTime.framework",
			);
			runOnlyForDeploymentPostprocessing = 0;
			shellPath = /bin/sh;
			shellScript = "\"${SRCROOT}/Pods/Target Support Files/Pods-iOSAuth/Pods-iOSAuth-frameworks.sh\"\n";
			showEnvVarsInLog = 0;
		};
		887179773334EDEBA9560DC5 /* [CP] Embed Pods Frameworks */ = {
			isa = PBXShellScriptBuildPhase;
			buildActionMask = 2147483647;
			files = (
			);
			inputPaths = (
			);
			name = "[CP] Embed Pods Frameworks";
			outputPaths = (
			);
			runOnlyForDeploymentPostprocessing = 0;
			shellPath = /bin/sh;
			shellScript = "\"${SRCROOT}/Pods/Target Support Files/Pods-iOSAuthTests/Pods-iOSAuthTests-frameworks.sh\"\n";
			showEnvVarsInLog = 0;
		};
		EA151AC6A66FC0FBB9173A45 /* [CP] Check Pods Manifest.lock */ = {
			isa = PBXShellScriptBuildPhase;
			buildActionMask = 2147483647;
			files = (
			);
			inputPaths = (
				"${PODS_PODFILE_DIR_PATH}/Podfile.lock",
				"${PODS_ROOT}/Manifest.lock",
			);
			name = "[CP] Check Pods Manifest.lock";
			outputPaths = (
				"$(DERIVED_FILE_DIR)/Pods-iOSAuthTests-checkManifestLockResult.txt",
			);
			runOnlyForDeploymentPostprocessing = 0;
			shellPath = /bin/sh;
			shellScript = "diff \"${PODS_PODFILE_DIR_PATH}/Podfile.lock\" \"${PODS_ROOT}/Manifest.lock\" > /dev/null\nif [ $? != 0 ] ; then\n    # print error to STDERR\n    echo \"error: The sandbox is not in sync with the Podfile.lock. Run 'pod install' or update your CocoaPods installation.\" >&2\n    exit 1\nfi\n";
			showEnvVarsInLog = 0;
		};
/* End PBXShellScriptBuildPhase section */

/* Begin PBXSourcesBuildPhase section */
		A43336681E695BFF00296C3B /* Sources */ = {
			isa = PBXSourcesBuildPhase;
			buildActionMask = 2147483647;
			files = (
				A4D375252016D80200EE71FE /* YSLScrollMenuView.m in Sources */,
				A4D375242016D7DB00EE71FE /* YSLContainerViewController.m in Sources */,
				FCF1C1681FC676880019F764 /* Constraint.swift in Sources */,
				FCF1C14E1FC676880019F764 /* ConstraintOffsetTarget.swift in Sources */,
				A4771C7A20134C8500A42514 /* deviceConnectionCell.swift in Sources */,
				FCF1C1591FC676880019F764 /* Debugging.swift in Sources */,
				A4771C8420139E9000A42514 /* leftSlideDetailController.swift in Sources */,
				FCF1C1511FC676880019F764 /* LayoutConstraintItem.swift in Sources */,
				A4D3757720197D9400EE71FE /* chuBlcokCell.swift in Sources */,
				FCF1C1581FC676880019F764 /* ConstraintMakerFinalizable.swift in Sources */,
				A4B2C972200A716C00D8352A /* QRView.m in Sources */,
				FCF1C15D1FC676880019F764 /* ConstraintLayoutSupportDSL.swift in Sources */,
				A44B097F1E76596900A9F51C /* ActiveConnectionTableViewCell.swift in Sources */,
				FCF1C15C1FC676880019F764 /* ConstraintView+Extensions.swift in Sources */,
				A4D375232015D41800EE71FE /* blueToothController.swift in Sources */,
				A4771C812013953000A42514 /* LeftSlideViewController.m in Sources */,
				A4D375292016E39F00EE71FE /* normalAccountCell.m in Sources */,
				FCF1C1631FC676880019F764 /* LayoutConstraint.swift in Sources */,
				FCF1C1551FC676880019F764 /* ConstraintConfig.swift in Sources */,
				FCF1C15B1FC676880019F764 /* ConstraintRelatableTarget.swift in Sources */,
				A4D3751B2014E5EF00EE71FE /* blockChainController.swift in Sources */,
				A4C082FF200C903E00EF0B08 /* cellDetailController.swift in Sources */,
				A4771C822013953000A42514 /* UIView_extra.m in Sources */,
				A4D3751E2014E76300EE71FE /* blockChainCell.swift in Sources */,
				FCF1C1541FC676880019F764 /* ConstraintItem.swift in Sources */,
				A4771C732011F4DA00A42514 /* leftSlideController.swift in Sources */,
				A445F1161E8FB48300C0F2CF /* DeviceConnectionTableViewCell.swift in Sources */,
				FCF1C1611FC676880019F764 /* ConstraintMakerExtendable.swift in Sources */,
				A4C082FA200C55B500EF0B08 /* alterView.m in Sources */,
				A44AA4201E6D144A00C6247E /* QRScannerViewController.swift in Sources */,
				A4B2C971200A716C00D8352A /* UIColor+HEX.m in Sources */,
				FCF1C14F1FC676880019F764 /* ConstraintMaker.swift in Sources */,
				FCF1C1501FC676880019F764 /* ConstraintLayoutGuideDSL.swift in Sources */,
				FCF1C1661FC676880019F764 /* ConstraintDSL.swift in Sources */,
				A4771C7720134B7100A42514 /* MainController.swift in Sources */,
				A439BA881E6ED1A500769EA8 /* AuthenticationPushViewController.swift in Sources */,
				A4758BD12016341800A976AF /* accountDetailController.m in Sources */,
				FCF1C14D1FC676880019F764 /* ConstraintInsetTarget.swift in Sources */,
				FCF1C1531FC676880019F764 /* ConstraintMultiplierTarget.swift in Sources */,
				FCF1C16C1FC676880019F764 /* ConstraintLayoutGuide+Extensions.swift in Sources */,
				FCF1C16F1FC676940019F764 /* WebSocket.swift in Sources */,
				FCF1C1621FC676880019F764 /* ConstraintInsets.swift in Sources */,
				FCF1C1521FC676880019F764 /* ConstraintView.swift in Sources */,
				FCF1C16A1FC676880019F764 /* ConstraintConstantTarget.swift in Sources */,
				FCF1C16B1FC676880019F764 /* ConstraintAttributes.swift in Sources */,
				FCF1C1691FC676880019F764 /* ConstraintPriorityTarget.swift in Sources */,
				A4D375212015977900EE71FE /* bluetoothCell.swift in Sources */,
				FCF1C1701FC676940019F764 /* SSLSecurity.swift in Sources */,
				A4758BD62016355E00A976AF /* normalController.m in Sources */,
				A4E855161E6D76C100F09370 /* MainTableViewController.swift in Sources */,
				FCF1C15F1FC676880019F764 /* ConstraintLayoutSupport.swift in Sources */,
				A430A9E11E9D278F0067F15D /* WifiViewController.swift in Sources */,
				A43336701E695BFF00296C3B /* AppDelegate.swift in Sources */,
				A4B2C973200A716C00D8352A /* ScanQRCodeViewController.m in Sources */,
				FCF1C1571FC676880019F764 /* ConstraintMakerEditable.swift in Sources */,
				A4D3757320187AB700EE71FE /* linechart.swift in Sources */,
				A4D3757920197E9200EE71FE /* chuBlockCell1.swift in Sources */,
				A4D3757B2019B39500EE71FE /* abnormalCell.swift in Sources */,
				FCF1C1651FC676880019F764 /* ConstraintMakerPriortizable.swift in Sources */,
				A4D375752018839900EE71FE /* lineChartViewCell.swift in Sources */,
				A4515B531E71014E00BB65A9 /* WebSocketConnection.swift in Sources */,
				FCF1C1561FC676880019F764 /* ConstraintDescription.swift in Sources */,
				A4C082FD200C8C8B00EF0B08 /* DMCAlertCenter.m in Sources */,
				FCF1C15E1FC676880019F764 /* ConstraintRelation.swift in Sources */,
				FCF1C15A1FC676880019F764 /* ConstraintViewDSL.swift in Sources */,
				FCF1C1671FC676880019F764 /* ConstraintMakerRelatable.swift in Sources */,
				FCF1C1641FC676880019F764 /* UILayoutSupport+Extensions.swift in Sources */,
				A4771C752011FA9200A42514 /* leftSortsController.swift in Sources */,
				FCF1C1601FC676880019F764 /* ConstraintLayoutGuide.swift in Sources */,
				A4758BD92016357000A976AF /* abnormalController.m in Sources */,
			);
			runOnlyForDeploymentPostprocessing = 0;
		};
		A433367C1E695BFF00296C3B /* Sources */ = {
			isa = PBXSourcesBuildPhase;
			buildActionMask = 2147483647;
			files = (
				A43336851E695BFF00296C3B /* iOSAuthTests.swift in Sources */,
			);
			runOnlyForDeploymentPostprocessing = 0;
		};
/* End PBXSourcesBuildPhase section */

/* Begin PBXTargetDependency section */
		A43336821E695BFF00296C3B /* PBXTargetDependency */ = {
			isa = PBXTargetDependency;
			target = A433366B1E695BFF00296C3B /* iOSAuth */;
			targetProxy = A43336811E695BFF00296C3B /* PBXContainerItemProxy */;
		};
/* End PBXTargetDependency section */

/* Begin PBXVariantGroup section */
		A43336731E695BFF00296C3B /* Main.storyboard */ = {
			isa = PBXVariantGroup;
			children = (
				A43336741E695BFF00296C3B /* Base */,
			);
			name = Main.storyboard;
			sourceTree = "<group>";
		};
		A43336781E695BFF00296C3B /* LaunchScreen.storyboard */ = {
			isa = PBXVariantGroup;
			children = (
				A43336791E695BFF00296C3B /* Base */,
			);
			name = LaunchScreen.storyboard;
			sourceTree = "<group>";
		};
/* End PBXVariantGroup section */

/* Begin XCBuildConfiguration section */
		A43336871E695BFF00296C3B /* Debug */ = {
			isa = XCBuildConfiguration;
			buildSettings = {
				ALWAYS_SEARCH_USER_PATHS = NO;
				CLANG_ANALYZER_NONNULL = YES;
				CLANG_CXX_LANGUAGE_STANDARD = "gnu++0x";
				CLANG_CXX_LIBRARY = "libc++";
				CLANG_ENABLE_MODULES = YES;
				CLANG_ENABLE_OBJC_ARC = YES;
				CLANG_WARN_BOOL_CONVERSION = YES;
				CLANG_WARN_CONSTANT_CONVERSION = YES;
				CLANG_WARN_DIRECT_OBJC_ISA_USAGE = YES_ERROR;
				CLANG_WARN_DOCUMENTATION_COMMENTS = YES;
				CLANG_WARN_EMPTY_BODY = YES;
				CLANG_WARN_ENUM_CONVERSION = YES;
				CLANG_WARN_INFINITE_RECURSION = YES;
				CLANG_WARN_INT_CONVERSION = YES;
				CLANG_WARN_OBJC_ROOT_CLASS = YES_ERROR;
				CLANG_WARN_SUSPICIOUS_MOVE = YES;
				CLANG_WARN_UNREACHABLE_CODE = YES;
				CLANG_WARN__DUPLICATE_METHOD_MATCH = YES;
				"CODE_SIGN_IDENTITY[sdk=iphoneos*]" = "iPhone Developer";
				COPY_PHASE_STRIP = NO;
				DEBUG_INFORMATION_FORMAT = dwarf;
				DEFINES_MODULE = YES;
				ENABLE_STRICT_OBJC_MSGSEND = YES;
				ENABLE_TESTABILITY = YES;
				GCC_C_LANGUAGE_STANDARD = gnu99;
				GCC_DYNAMIC_NO_PIC = NO;
				GCC_NO_COMMON_BLOCKS = YES;
				GCC_OPTIMIZATION_LEVEL = 0;
				GCC_PREPROCESSOR_DEFINITIONS = (
					"DEBUG=1",
					"$(inherited)",
				);
				GCC_WARN_64_TO_32_BIT_CONVERSION = YES;
				GCC_WARN_ABOUT_RETURN_TYPE = YES_ERROR;
				GCC_WARN_UNDECLARED_SELECTOR = YES;
				GCC_WARN_UNINITIALIZED_AUTOS = YES_AGGRESSIVE;
				GCC_WARN_UNUSED_FUNCTION = YES;
				GCC_WARN_UNUSED_VARIABLE = YES;
				IPHONEOS_DEPLOYMENT_TARGET = 10.2;
				MTL_ENABLE_DEBUG_INFO = YES;
				ONLY_ACTIVE_ARCH = YES;
				PRODUCT_MODULE_NAME = iOSAuth;
				SDKROOT = iphoneos;
				SWIFT_ACTIVE_COMPILATION_CONDITIONS = DEBUG;
				SWIFT_OPTIMIZATION_LEVEL = "-Onone";
				SWIFT_VERSION = 3.0;
				TARGETED_DEVICE_FAMILY = "1,2";
			};
			name = Debug;
		};
		A43336881E695BFF00296C3B /* Release */ = {
			isa = XCBuildConfiguration;
			buildSettings = {
				ALWAYS_SEARCH_USER_PATHS = NO;
				CLANG_ANALYZER_NONNULL = YES;
				CLANG_CXX_LANGUAGE_STANDARD = "gnu++0x";
				CLANG_CXX_LIBRARY = "libc++";
				CLANG_ENABLE_MODULES = YES;
				CLANG_ENABLE_OBJC_ARC = YES;
				CLANG_WARN_BOOL_CONVERSION = YES;
				CLANG_WARN_CONSTANT_CONVERSION = YES;
				CLANG_WARN_DIRECT_OBJC_ISA_USAGE = YES_ERROR;
				CLANG_WARN_DOCUMENTATION_COMMENTS = YES;
				CLANG_WARN_EMPTY_BODY = YES;
				CLANG_WARN_ENUM_CONVERSION = YES;
				CLANG_WARN_INFINITE_RECURSION = YES;
				CLANG_WARN_INT_CONVERSION = YES;
				CLANG_WARN_OBJC_ROOT_CLASS = YES_ERROR;
				CLANG_WARN_SUSPICIOUS_MOVE = YES;
				CLANG_WARN_UNREACHABLE_CODE = YES;
				CLANG_WARN__DUPLICATE_METHOD_MATCH = YES;
				"CODE_SIGN_IDENTITY[sdk=iphoneos*]" = "iPhone Developer";
				COPY_PHASE_STRIP = NO;
				DEBUG_INFORMATION_FORMAT = "dwarf-with-dsym";
				DEFINES_MODULE = YES;
				ENABLE_NS_ASSERTIONS = NO;
				ENABLE_STRICT_OBJC_MSGSEND = YES;
				GCC_C_LANGUAGE_STANDARD = gnu99;
				GCC_NO_COMMON_BLOCKS = YES;
				GCC_WARN_64_TO_32_BIT_CONVERSION = YES;
				GCC_WARN_ABOUT_RETURN_TYPE = YES_ERROR;
				GCC_WARN_UNDECLARED_SELECTOR = YES;
				GCC_WARN_UNINITIALIZED_AUTOS = YES_AGGRESSIVE;
				GCC_WARN_UNUSED_FUNCTION = YES;
				GCC_WARN_UNUSED_VARIABLE = YES;
				IPHONEOS_DEPLOYMENT_TARGET = 10.2;
				MTL_ENABLE_DEBUG_INFO = NO;
				PRODUCT_MODULE_NAME = iOSAuth;
				SDKROOT = iphoneos;
				SWIFT_OPTIMIZATION_LEVEL = "-Owholemodule";
				SWIFT_VERSION = 3.0;
				TARGETED_DEVICE_FAMILY = "1,2";
				VALIDATE_PRODUCT = YES;
			};
			name = Release;
		};
		A433368A1E695BFF00296C3B /* Debug */ = {
			isa = XCBuildConfiguration;
			baseConfigurationReference = 765BDC31BEDADFC2C642CB2B /* Pods-iOSAuth.debug.xcconfig */;
			buildSettings = {
				ASSETCATALOG_COMPILER_APPICON_NAME = AppIcon;
				CLANG_ENABLE_MODULES = YES;
				CODE_SIGN_ENTITLEMENTS = iOSAuth/iOSAuth.entitlements;
				CODE_SIGN_IDENTITY = "iPhone Developer: hz549120062@me.com (XFKZS6J77P)";
				"CODE_SIGN_IDENTITY[sdk=iphoneos*]" = "iPhone Developer";
				CODE_SIGN_STYLE = Automatic;
				DEFINES_MODULE = YES;
				DEVELOPMENT_TEAM = JMEPB229N9;
				GCC_PREFIX_HEADER = "$(SRCROOT)/ocfile/PrefixHeader.pch";
				INFOPLIST_FILE = iOSAuth/Info.plist;
				IPHONEOS_DEPLOYMENT_TARGET = 10.0;
				LD_RUNPATH_SEARCH_PATHS = "$(inherited) @executable_path/Frameworks";
				PRODUCT_BUNDLE_IDENTIFIER = com.Quincy.iOSAuthWyf;
				PRODUCT_MODULE_NAME = iOSAuthModule;
				PRODUCT_NAME = iOSAuthModule;
				PROVISIONING_PROFILE_SPECIFIER = "";
				SWIFT_OBJC_BRIDGING_HEADER = "ocfile/iOSAuth-Bridging-Header.h";
				SWIFT_OPTIMIZATION_LEVEL = "-Onone";
				SWIFT_VERSION = 3.0;
				TARGETED_DEVICE_FAMILY = "1,2";
			};
			name = Debug;
		};
		A433368B1E695BFF00296C3B /* Release */ = {
			isa = XCBuildConfiguration;
			baseConfigurationReference = 911CED342CC584DFE009344B /* Pods-iOSAuth.release.xcconfig */;
			buildSettings = {
				ASSETCATALOG_COMPILER_APPICON_NAME = AppIcon;
				CLANG_ENABLE_MODULES = YES;
				CODE_SIGN_ENTITLEMENTS = iOSAuth/iOSAuth.entitlements;
				CODE_SIGN_IDENTITY = "iPhone Developer: hz549120062@me.com (XFKZS6J77P)";
				"CODE_SIGN_IDENTITY[sdk=iphoneos*]" = "iPhone Developer";
				CODE_SIGN_STYLE = Automatic;
				DEFINES_MODULE = YES;
				DEVELOPMENT_TEAM = JMEPB229N9;
				GCC_PREFIX_HEADER = "$(SRCROOT)/ocfile/PrefixHeader.pch";
				INFOPLIST_FILE = iOSAuth/Info.plist;
				IPHONEOS_DEPLOYMENT_TARGET = 10.0;
				LD_RUNPATH_SEARCH_PATHS = "$(inherited) @executable_path/Frameworks";
				PRODUCT_BUNDLE_IDENTIFIER = com.Quincy.iOSAuthWyf;
				PRODUCT_MODULE_NAME = iOSAuthModule;
				PRODUCT_NAME = iOSAuthModule;
				PROVISIONING_PROFILE_SPECIFIER = "";
				SWIFT_OBJC_BRIDGING_HEADER = "ocfile/iOSAuth-Bridging-Header.h";
				SWIFT_VERSION = 3.0;
				TARGETED_DEVICE_FAMILY = "1,2";
			};
			name = Release;
		};
		A433368D1E695BFF00296C3B /* Debug */ = {
			isa = XCBuildConfiguration;
			baseConfigurationReference = 8C1278B1452E989329E41A1A /* Pods-iOSAuthTests.debug.xcconfig */;
			buildSettings = {
				ALWAYS_EMBED_SWIFT_STANDARD_LIBRARIES = YES;
				BUNDLE_LOADER = "$(TEST_HOST)";
				DEVELOPMENT_TEAM = UF83U7S3DV;
				INFOPLIST_FILE = iOSAuthTests/Info.plist;
				LD_RUNPATH_SEARCH_PATHS = "$(inherited) @executable_path/Frameworks @loader_path/Frameworks";
				PRODUCT_BUNDLE_IDENTIFIER = com.example.iOSAuthTests;
				PRODUCT_NAME = "$(TARGET_NAME)";
				SWIFT_VERSION = 3.0;
				TEST_HOST = "$(BUILT_PRODUCTS_DIR)/iOSAuth.app/iOSAuth";
			};
			name = Debug;
		};
		A433368E1E695BFF00296C3B /* Release */ = {
			isa = XCBuildConfiguration;
			baseConfigurationReference = 73FD35D7C510F936CE42E233 /* Pods-iOSAuthTests.release.xcconfig */;
			buildSettings = {
				ALWAYS_EMBED_SWIFT_STANDARD_LIBRARIES = YES;
				BUNDLE_LOADER = "$(TEST_HOST)";
				DEVELOPMENT_TEAM = UF83U7S3DV;
				INFOPLIST_FILE = iOSAuthTests/Info.plist;
				LD_RUNPATH_SEARCH_PATHS = "$(inherited) @executable_path/Frameworks @loader_path/Frameworks";
				PRODUCT_BUNDLE_IDENTIFIER = com.example.iOSAuthTests;
				PRODUCT_NAME = "$(TARGET_NAME)";
				SWIFT_VERSION = 3.0;
				TEST_HOST = "$(BUILT_PRODUCTS_DIR)/iOSAuth.app/iOSAuth";
			};
			name = Release;
		};
/* End XCBuildConfiguration section */

/* Begin XCConfigurationList section */
		A43336671E695BFF00296C3B /* Build configuration list for PBXProject "iOSAuth" */ = {
			isa = XCConfigurationList;
			buildConfigurations = (
				A43336871E695BFF00296C3B /* Debug */,
				A43336881E695BFF00296C3B /* Release */,
			);
			defaultConfigurationIsVisible = 0;
			defaultConfigurationName = Release;
		};
		A43336891E695BFF00296C3B /* Build configuration list for PBXNativeTarget "iOSAuth" */ = {
			isa = XCConfigurationList;
			buildConfigurations = (
				A433368A1E695BFF00296C3B /* Debug */,
				A433368B1E695BFF00296C3B /* Release */,
			);
			defaultConfigurationIsVisible = 0;
			defaultConfigurationName = Release;
		};
		A433368C1E695BFF00296C3B /* Build configuration list for PBXNativeTarget "iOSAuthTests" */ = {
			isa = XCConfigurationList;
			buildConfigurations = (
				A433368D1E695BFF00296C3B /* Debug */,
				A433368E1E695BFF00296C3B /* Release */,
			);
			defaultConfigurationIsVisible = 0;
			defaultConfigurationName = Release;
		};
/* End XCConfigurationList section */
	};
	rootObject = A43336641E695BFF00296C3B /* Project object */;
}
